
Microsoft Visual Studio Solution File, Format Version 12.00
# Visual Studio 15
VisualStudioVersion = 15.0.28010.2016
MinimumVisualStudioVersion = 10.0.40219.1
Project("{FAE04EC0-301F-11D3-BF4B-00C04F79EFBC}") = "TarsGenerator", "TarsGenerator\TarsGenerator.csproj", "{0CE2B12F-755B-41F5-A072-99AFF842D5C5}"
EndProject
Global
	GlobalSection(SolutionConfigurationPlatforms) = preSolution
		Debug|Any CPU = Debug|Any CPU
		Release|Any CPU = Release|Any CPU
	EndGlobalSection
	GlobalSection(ProjectConfigurationPlatforms) = postSolution
		{0CE2B12F-755B-41F5-A072-99AFF842D5C5}.Debug|Any CPU.ActiveCfg = Debug|Any CPU
		{0CE2B12F-755B-41F5-A072-99AFF842D5C5}.Debug|Any CPU.Build.0 = Debug|Any CPU
		{0CE2B12F-755B-41F5-A072-99AFF842D5C5}.Release|Any CPU.ActiveCfg = Release|Any CPU
		{0CE2B12F-755B-41F5-A072-99AFF842D5C5}.Release|Any CPU.Build.0 = Release|Any CPU
	EndGlobalSection
	GlobalSection(SolutionProperties) = preSolution
		HideSolutionNode = FALSE
	EndGlobalSection
	GlobalSection(ExtensibilityGlobals) = postSolution
		SolutionGuid = {6EB04886-C670-4EBB-AC56-ECBD4AD3F438}
	EndGlobalSection
EndGlobal
